
Microsoft Visual Studio Solution File, Format Version 12.00
# Visual Studio Version 16
VisualStudioVersion = 16.0.30002.166
MinimumVisualStudioVersion = 10.0.40219.1
Project("{FAE04EC0-301F-11D3-BF4B-00C04F79EFBC}") = "SeleniumTests", "SeleniumTests\SeleniumTests.csproj", "{DFECD63B-7DCC-49C9-9A64-9306E3CDF6EC}"
EndProject
Global
	GlobalSection(SolutionConfigurationPlatforms) = preSolution
		Debug|Any CPU = Debug|Any CPU
		Release|Any CPU = Release|Any CPU
	EndGlobalSection
	GlobalSection(ProjectConfigurationPlatforms) = postSolution
		{DFECD63B-7DCC-49C9-9A64-9306E3CDF6EC}.Debug|Any CPU.ActiveCfg = Debug|Any CPU
		{DFECD63B-7DCC-49C9-9A64-9306E3CDF6EC}.Debug|Any CPU.Build.0 = Debug|Any CPU
		{DFECD63B-7DCC-49C9-9A64-9306E3CDF6EC}.Release|Any CPU.ActiveCfg = Release|Any CPU
		{DFECD63B-7DCC-49C9-9A64-9306E3CDF6EC}.Release|Any CPU.Build.0 = Release|Any CPU
	EndGlobalSection
	GlobalSection(SolutionProperties) = preSolution
		HideSolutionNode = FALSE
	EndGlobalSection
	GlobalSection(ExtensibilityGlobals) = postSolution
		SolutionGuid = {4DFA040E-F00D-4BB2-B01D-3F7559204B29}
	EndGlobalSection
EndGlobal
